{
  "name": "MergePoint",
  "version": "1.0.0",
  "lockfileVersion": 3,
  "requires": true,
  "packages": {
    "": {
      "name": "MergePoint",
      "version": "1.0.0",
      "hasInstallScript": true,
      "license": "ISC",
      "dependencies": {
        "per-env": "^1.0.2"
      }
    },
    "node_modules/per-env": {
      "version": "1.0.2",
      "resolved": "https://registry.npmjs.org/per-env/-/per-env-1.0.2.tgz",
      "integrity": "sha512-ShJSJb8a1YVRJnN6Acdbj4xayfUjpj3nLTcfsjZ+bYCGWceUiRDZb5H3sijcc4hVzLlZiRK/H/NaXGMxyEULpA==",
      "bin": {
        "per-env": "bin/per-env"
      }
    }
  }
}
